{
  "version": 4,
  "terraform_version": "0.12.24",
  "serial": 25,
  "lineage": "ca2814c8-8d06-ff87-87a0-b392c951cc8e",
  "outputs": {
    "elb_dns_name": {
      "value": [
        "terraform-elb-1976717696.ap-southeast-2.elb.amazonaws.com"
      ],
      "type": [
        "tuple",
        [
          "string"
        ]
      ]
    }
  },
  "resources": [
    {
      "module": "module.webservers",
      "mode": "managed",
      "type": "aws_autoscaling_group",
      "name": "my_first_asg",
      "provider": "provider.aws",
      "instances": [
        {
          "schema_version": 0,
          "attributes": {
            "arn": "arn:aws:autoscaling:ap-southeast-2:592414514106:autoScalingGroup:ee07a939-f066-46c2-ba0c-c7e2007ca9e0:autoScalingGroupName/tf-asg-20200426053554177300000001",
            "availability_zones": [
              "ap-southeast-2a",
              "ap-southeast-2b",
              "ap-southeast-2c"
            ],
            "default_cooldown": 300,
            "desired_capacity": 3,
            "enabled_metrics": [],
            "force_delete": false,
            "health_check_grace_period": 300,
            "health_check_type": "EC2",
            "id": "tf-asg-20200426053554177300000001",
            "initial_lifecycle_hook": [],
            "launch_configuration": "webserver-launch",
            "launch_template": [],
            "load_balancers": [
              "terraform-elb"
            ],
            "max_instance_lifetime": 0,
            "max_size": 10,
            "metrics_granularity": "1Minute",
            "min_elb_capacity": null,
            "min_size": 2,
            "mixed_instances_policy": [],
            "name": "tf-asg-20200426053554177300000001",
            "name_prefix": null,
            "placement_group": "",
            "protect_from_scale_in": false,
            "service_linked_role_arn": "arn:aws:iam::592414514106:role/aws-service-role/autoscaling.amazonaws.com/AWSServiceRoleForAutoScaling",
            "suspended_processes": [],
            "tag": [
              {
                "key": "Name",
                "propagate_at_launch": true,
                "value": "terraform-asg"
              }
            ],
            "tags": null,
            "target_group_arns": [],
            "termination_policies": [],
            "timeouts": null,
            "vpc_zone_identifier": [],
            "wait_for_capacity_timeout": "10m",
            "wait_for_elb_capacity": null
          },
          "private": "eyJlMmJmYjczMC1lY2FhLTExZTYtOGY4OC0zNDM2M2JjN2M0YzAiOnsiZGVsZXRlIjo2MDAwMDAwMDAwMDB9fQ==",
          "dependencies": [
            "module.webservers.aws_elb.my_first_elb",
            "module.webservers.aws_launch_configuration.my-first-launch-conf",
            "module.webservers.aws_security_group.webserver_sg"
          ]
        }
      ]
    },
    {
      "module": "module.webservers",
      "mode": "managed",
      "type": "aws_autoscaling_policy",
      "name": "my_asg_policy",
      "provider": "provider.aws",
      "instances": [
        {
          "schema_version": 0,
          "attributes": {
            "adjustment_type": "",
            "arn": "arn:aws:autoscaling:ap-southeast-2:592414514106:scalingPolicy:eb68931e-ca41-4447-bdc9-408d802b7134:autoScalingGroupName/tf-asg-20200426053554177300000001:policyName/webservers_autoscale_policy",
            "autoscaling_group_name": "tf-asg-20200426053554177300000001",
            "cooldown": 0,
            "estimated_instance_warmup": 0,
            "id": "webservers_autoscale_policy",
            "metric_aggregation_type": "",
            "min_adjustment_magnitude": null,
            "min_adjustment_step": null,
            "name": "webservers_autoscale_policy",
            "policy_type": "TargetTrackingScaling",
            "scaling_adjustment": 0,
            "step_adjustment": [],
            "target_tracking_configuration": [
              {
                "customized_metric_specification": [],
                "disable_scale_in": false,
                "predefined_metric_specification": [
                  {
                    "predefined_metric_type": "ASGAverageCPUUtilization",
                    "resource_label": ""
                  }
                ],
                "target_value": 60
              }
            ]
          },
          "private": "bnVsbA==",
          "dependencies": [
            "module.webservers.aws_autoscaling_group.my_first_asg",
            "module.webservers.aws_elb.my_first_elb",
            "module.webservers.aws_launch_configuration.my-first-launch-conf",
            "module.webservers.aws_security_group.webserver_sg"
          ]
        }
      ]
    },
    {
      "module": "module.webservers",
      "mode": "managed",
      "type": "aws_elb",
      "name": "my_first_elb",
      "provider": "provider.aws",
      "instances": [
        {
          "schema_version": 0,
          "attributes": {
            "access_logs": [],
            "arn": "arn:aws:elasticloadbalancing:ap-southeast-2:592414514106:loadbalancer/terraform-elb",
            "availability_zones": [
              "ap-southeast-2a",
              "ap-southeast-2b",
              "ap-southeast-2c"
            ],
            "connection_draining": false,
            "connection_draining_timeout": 300,
            "cross_zone_load_balancing": true,
            "dns_name": "terraform-elb-1976717696.ap-southeast-2.elb.amazonaws.com",
            "health_check": [
              {
                "healthy_threshold": 2,
                "interval": 30,
                "target": "HTTP:80/",
                "timeout": 3,
                "unhealthy_threshold": 2
              }
            ],
            "id": "terraform-elb",
            "idle_timeout": 60,
            "instances": [
              "i-07ae68f1dcfe79459",
              "i-083254777ff14554c",
              "i-093bf1913a93e806b"
            ],
            "internal": false,
            "listener": [
              {
                "instance_port": 80,
                "instance_protocol": "http",
                "lb_port": 80,
                "lb_protocol": "http",
                "ssl_certificate_id": ""
              }
            ],
            "name": "terraform-elb",
            "name_prefix": null,
            "security_groups": [
              "sg-01ab888adee5baf6c"
            ],
            "source_security_group": "592414514106/webserver_sg",
            "source_security_group_id": "sg-01ab888adee5baf6c",
            "subnets": [
              "subnet-1ac24c42",
              "subnet-34ecf053",
              "subnet-922029db"
            ],
            "tags": {},
            "zone_id": "Z1GM3OXH4ZPM65"
          },
          "private": "bnVsbA==",
          "dependencies": [
            "module.webservers.aws_security_group.webserver_sg"
          ]
        }
      ]
    },
    {
      "module": "module.webservers",
      "mode": "managed",
      "type": "aws_launch_configuration",
      "name": "my-first-launch-conf",
      "provider": "provider.aws",
      "instances": [
        {
          "schema_version": 0,
          "attributes": {
            "arn": "arn:aws:autoscaling:ap-southeast-2:592414514106:launchConfiguration:68bf03a1-3703-4bbd-b56f-0ada94326a2b:launchConfigurationName/webserver-launch",
            "associate_public_ip_address": false,
            "ebs_block_device": [],
            "ebs_optimized": false,
            "enable_monitoring": true,
            "ephemeral_block_device": [],
            "iam_instance_profile": "",
            "id": "webserver-launch",
            "image_id": "ami-050e1ec030abb8dde",
            "instance_type": "t2.medium",
            "key_name": "terraform",
            "name": "webserver-launch",
            "name_prefix": null,
            "placement_tenancy": null,
            "root_block_device": [],
            "security_groups": [
              "sg-01ab888adee5baf6c"
            ],
            "spot_price": "",
            "user_data": "21e297f2e64e0c692720c5d232a7218681ef3878",
            "user_data_base64": null,
            "vpc_classic_link_id": "",
            "vpc_classic_link_security_groups": []
          },
          "private": "bnVsbA==",
          "dependencies": [
            "module.webservers.aws_security_group.webserver_sg"
          ]
        }
      ]
    },
    {
      "module": "module.webservers",
      "mode": "managed",
      "type": "aws_security_group",
      "name": "webserver_sg",
      "provider": "provider.aws",
      "instances": [
        {
          "schema_version": 1,
          "attributes": {
            "arn": "arn:aws:ec2:ap-southeast-2:592414514106:security-group/sg-01ab888adee5baf6c",
            "description": "Managed by Terraform",
            "egress": [
              {
                "cidr_blocks": [
                  "0.0.0.0/0"
                ],
                "description": "",
                "from_port": 0,
                "ipv6_cidr_blocks": [],
                "prefix_list_ids": [],
                "protocol": "-1",
                "security_groups": [],
                "self": false,
                "to_port": 0
              }
            ],
            "id": "sg-01ab888adee5baf6c",
            "ingress": [
              {
                "cidr_blocks": [
                  "101.100.129.251/32"
                ],
                "description": "",
                "from_port": 22,
                "ipv6_cidr_blocks": [],
                "prefix_list_ids": [],
                "protocol": "tcp",
                "security_groups": [],
                "self": false,
                "to_port": 22
              },
              {
                "cidr_blocks": [
                  "101.100.129.251/32"
                ],
                "description": "",
                "from_port": 80,
                "ipv6_cidr_blocks": [],
                "prefix_list_ids": [],
                "protocol": "tcp",
                "security_groups": [],
                "self": false,
                "to_port": 80
              }
            ],
            "name": "webserver_sg",
            "name_prefix": null,
            "owner_id": "592414514106",
            "revoke_rules_on_delete": false,
            "tags": {},
            "timeouts": null,
            "vpc_id": "vpc-a6dbefc1"
          },
          "private": "eyJlMmJmYjczMC1lY2FhLTExZTYtOGY4OC0zNDM2M2JjN2M0YzAiOnsiY3JlYXRlIjo2MDAwMDAwMDAwMDAsImRlbGV0ZSI6NjAwMDAwMDAwMDAwfSwic2NoZW1hX3ZlcnNpb24iOiIxIn0="
        }
      ]
    },
    {
      "module": "module.webservers",
      "mode": "managed",
      "type": "aws_security_group_rule",
      "name": "allow_http",
      "provider": "provider.aws",
      "instances": [
        {
          "schema_version": 2,
          "attributes": {
            "cidr_blocks": [
              "101.100.129.251/32"
            ],
            "description": "",
            "from_port": 80,
            "id": "sgrule-4137775985",
            "ipv6_cidr_blocks": [],
            "prefix_list_ids": [],
            "protocol": "tcp",
            "security_group_id": "sg-01ab888adee5baf6c",
            "self": false,
            "source_security_group_id": null,
            "to_port": 80,
            "type": "ingress"
          },
          "private": "eyJzY2hlbWFfdmVyc2lvbiI6IjIifQ==",
          "dependencies": [
            "module.webservers.aws_security_group.webserver_sg"
          ]
        }
      ]
    },
    {
      "mode": "managed",
      "type": "aws_security_group_rule",
      "name": "allow_mytest",
      "provider": "provider.aws",
      "instances": [
        {
          "schema_version": 2,
          "attributes": {
            "cidr_blocks": [
              "0.0.0.0/0"
            ],
            "description": null,
            "from_port": 10000,
            "id": "sgrule-2838612415",
            "ipv6_cidr_blocks": null,
            "prefix_list_ids": null,
            "protocol": "tcp",
            "security_group_id": "sg-01ab888adee5baf6c",
            "self": false,
            "source_security_group_id": null,
            "to_port": 10000,
            "type": "ingress"
          },
          "private": "eyJzY2hlbWFfdmVyc2lvbiI6IjIifQ==",
          "dependencies": [
            "module.webservers.aws_security_group.webserver_sg"
          ]
        }
      ]
    },
    {
      "module": "module.webservers",
      "mode": "managed",
      "type": "aws_security_group_rule",
      "name": "allow_outgoing",
      "provider": "provider.aws",
      "instances": [
        {
          "schema_version": 2,
          "attributes": {
            "cidr_blocks": [
              "0.0.0.0/0"
            ],
            "description": "",
            "from_port": 0,
            "id": "sgrule-2607691474",
            "ipv6_cidr_blocks": [],
            "prefix_list_ids": [],
            "protocol": "-1",
            "security_group_id": "sg-01ab888adee5baf6c",
            "self": false,
            "source_security_group_id": null,
            "to_port": 0,
            "type": "egress"
          },
          "private": "eyJzY2hlbWFfdmVyc2lvbiI6IjIifQ==",
          "dependencies": [
            "module.webservers.aws_security_group.webserver_sg"
          ]
        }
      ]
    },
    {
      "module": "module.webservers",
      "mode": "managed",
      "type": "aws_security_group_rule",
      "name": "allow_ssh",
      "provider": "provider.aws",
      "instances": [
        {
          "schema_version": 2,
          "attributes": {
            "cidr_blocks": [
              "101.100.129.251/32"
            ],
            "description": "",
            "from_port": 22,
            "id": "sgrule-3666105696",
            "ipv6_cidr_blocks": [],
            "prefix_list_ids": [],
            "protocol": "tcp",
            "security_group_id": "sg-01ab888adee5baf6c",
            "self": false,
            "source_security_group_id": null,
            "to_port": 22,
            "type": "ingress"
          },
          "private": "eyJzY2hlbWFfdmVyc2lvbiI6IjIifQ==",
          "dependencies": [
            "module.webservers.aws_security_group.webserver_sg"
          ]
        }
      ]
    }
  ]
}
